
Microsoft Visual Studio Solution File, Format Version 12.00
# Visual Studio Version 17
VisualStudioVersion = 17.2.32516.85
MinimumVisualStudioVersion = 10.0.40219.1
Project("{2150E333-8FDC-42A3-9474-1A3956D46DE8}") = "Solid_Principles_0_S", "Solid_Principles_0_S", "{A633E465-2019-4AD7-BE3B-10A1CAE191AB}"
EndProject
Project("{2150E333-8FDC-42A3-9474-1A3956D46DE8}") = "Problem", "Problem", "{A341D582-8BCB-4DF9-83AA-0CC0A4A76DF8}"
EndProject
Project("{2150E333-8FDC-42A3-9474-1A3956D46DE8}") = "Soluction", "Soluction", "{B6D757AC-A018-4204-AA9A-513F9016BCA3}"
EndProject
Project("{9A19103F-16F7-4668-BE54-9A1E7A4F7556}") = "Problem_S", "src\Problem\Problem_S.csproj", "{49F07814-1E83-4EA0-9876-228A601E9053}"
EndProject
Project("{9A19103F-16F7-4668-BE54-9A1E7A4F7556}") = "Soluction_S", "src\Soluction\Soluction_S.csproj", "{1FB50BC1-A006-4EDB-BF79-1A2CF24127C7}"
EndProject
Project("{2150E333-8FDC-42A3-9474-1A3956D46DE8}") = "Solid_Principles_1_O", "Solid_Principles_1_O", "{81C10743-3326-45E5-9C3E-576D49A7524A}"
EndProject
Project("{2150E333-8FDC-42A3-9474-1A3956D46DE8}") = "Problem", "Problem", "{A8B6A209-559E-46B9-97F1-2C87E4D05970}"
EndProject
Project("{2150E333-8FDC-42A3-9474-1A3956D46DE8}") = "Soluction", "Soluction", "{D3A8FECB-C1C0-4ACF-B806-4B62266F46E0}"
EndProject
Project("{9A19103F-16F7-4668-BE54-9A1E7A4F7556}") = "Problem_O", "src\Problem_O\Problem_O.csproj", "{B8E5A344-5A35-40ED-8BDC-B3E898733A10}"
EndProject
Project("{9A19103F-16F7-4668-BE54-9A1E7A4F7556}") = "Suluction_O", "src\Suluction_O\Suluction_O.csproj", "{F5450780-AD53-4B78-AE8F-3A22E4207753}"
EndProject
Project("{2150E333-8FDC-42A3-9474-1A3956D46DE8}") = "Solid_Principles_2_L", "Solid_Principles_2_L", "{B957C3BB-B871-4160-85CA-3FECC51621D4}"
EndProject
Project("{2150E333-8FDC-42A3-9474-1A3956D46DE8}") = "Problem", "Problem", "{4AEFC09F-76D1-45D2-940F-71906F17F79A}"
EndProject
Project("{2150E333-8FDC-42A3-9474-1A3956D46DE8}") = "Soluction", "Soluction", "{0E27503F-EE4B-4878-9ECC-D76C6ED937B9}"
EndProject
Project("{9A19103F-16F7-4668-BE54-9A1E7A4F7556}") = "Problem_L", "src\Problem_L\Problem_L.csproj", "{9DF8331C-3A8E-470D-80CB-CBDD1762ADB2}"
EndProject
Project("{9A19103F-16F7-4668-BE54-9A1E7A4F7556}") = "Soluction_L", "src\Soluction_L\Soluction_L.csproj", "{851786B0-B1BA-49D7-BF11-8B7265031237}"
EndProject
Project("{2150E333-8FDC-42A3-9474-1A3956D46DE8}") = "Solid_Principles_3_I", "Solid_Principles_3_I", "{D112D282-63C9-4EA5-B880-9358A168DC76}"
EndProject
Project("{2150E333-8FDC-42A3-9474-1A3956D46DE8}") = "Problem", "Problem", "{603C9E0A-4402-444F-9323-378DBA00E156}"
EndProject
Project("{2150E333-8FDC-42A3-9474-1A3956D46DE8}") = "Soluction", "Soluction", "{8A33E7EC-7F77-4E7F-A932-87AFFFA3FF8C}"
EndProject
Project("{9A19103F-16F7-4668-BE54-9A1E7A4F7556}") = "Problem_I", "src\Problem_I\Problem_I.csproj", "{B263E213-6502-47F3-B81D-B1AD4F9999C6}"
EndProject
Project("{9A19103F-16F7-4668-BE54-9A1E7A4F7556}") = "Soluction_I", "src\Soluction_I\Soluction_I.csproj", "{69B657F8-72E2-421C-8233-32ACC63CB72E}"
EndProject
Global
	GlobalSection(SolutionConfigurationPlatforms) = preSolution
		Debug|Any CPU = Debug|Any CPU
		Release|Any CPU = Release|Any CPU
	EndGlobalSection
	GlobalSection(ProjectConfigurationPlatforms) = postSolution
		{49F07814-1E83-4EA0-9876-228A601E9053}.Debug|Any CPU.ActiveCfg = Debug|Any CPU
		{49F07814-1E83-4EA0-9876-228A601E9053}.Debug|Any CPU.Build.0 = Debug|Any CPU
		{49F07814-1E83-4EA0-9876-228A601E9053}.Release|Any CPU.ActiveCfg = Release|Any CPU
		{49F07814-1E83-4EA0-9876-228A601E9053}.Release|Any CPU.Build.0 = Release|Any CPU
		{1FB50BC1-A006-4EDB-BF79-1A2CF24127C7}.Debug|Any CPU.ActiveCfg = Debug|Any CPU
		{1FB50BC1-A006-4EDB-BF79-1A2CF24127C7}.Debug|Any CPU.Build.0 = Debug|Any CPU
		{1FB50BC1-A006-4EDB-BF79-1A2CF24127C7}.Release|Any CPU.ActiveCfg = Release|Any CPU
		{1FB50BC1-A006-4EDB-BF79-1A2CF24127C7}.Release|Any CPU.Build.0 = Release|Any CPU
		{B8E5A344-5A35-40ED-8BDC-B3E898733A10}.Debug|Any CPU.ActiveCfg = Debug|Any CPU
		{B8E5A344-5A35-40ED-8BDC-B3E898733A10}.Debug|Any CPU.Build.0 = Debug|Any CPU
		{B8E5A344-5A35-40ED-8BDC-B3E898733A10}.Release|Any CPU.ActiveCfg = Release|Any CPU
		{B8E5A344-5A35-40ED-8BDC-B3E898733A10}.Release|Any CPU.Build.0 = Release|Any CPU
		{F5450780-AD53-4B78-AE8F-3A22E4207753}.Debug|Any CPU.ActiveCfg = Debug|Any CPU
		{F5450780-AD53-4B78-AE8F-3A22E4207753}.Debug|Any CPU.Build.0 = Debug|Any CPU
		{F5450780-AD53-4B78-AE8F-3A22E4207753}.Release|Any CPU.ActiveCfg = Release|Any CPU
		{F5450780-AD53-4B78-AE8F-3A22E4207753}.Release|Any CPU.Build.0 = Release|Any CPU
		{9DF8331C-3A8E-470D-80CB-CBDD1762ADB2}.Debug|Any CPU.ActiveCfg = Debug|Any CPU
		{9DF8331C-3A8E-470D-80CB-CBDD1762ADB2}.Debug|Any CPU.Build.0 = Debug|Any CPU
		{9DF8331C-3A8E-470D-80CB-CBDD1762ADB2}.Release|Any CPU.ActiveCfg = Release|Any CPU
		{9DF8331C-3A8E-470D-80CB-CBDD1762ADB2}.Release|Any CPU.Build.0 = Release|Any CPU
		{851786B0-B1BA-49D7-BF11-8B7265031237}.Debug|Any CPU.ActiveCfg = Debug|Any CPU
		{851786B0-B1BA-49D7-BF11-8B7265031237}.Debug|Any CPU.Build.0 = Debug|Any CPU
		{851786B0-B1BA-49D7-BF11-8B7265031237}.Release|Any CPU.ActiveCfg = Release|Any CPU
		{851786B0-B1BA-49D7-BF11-8B7265031237}.Release|Any CPU.Build.0 = Release|Any CPU
		{B263E213-6502-47F3-B81D-B1AD4F9999C6}.Debug|Any CPU.ActiveCfg = Debug|Any CPU
		{B263E213-6502-47F3-B81D-B1AD4F9999C6}.Debug|Any CPU.Build.0 = Debug|Any CPU
		{B263E213-6502-47F3-B81D-B1AD4F9999C6}.Release|Any CPU.ActiveCfg = Release|Any CPU
		{B263E213-6502-47F3-B81D-B1AD4F9999C6}.Release|Any CPU.Build.0 = Release|Any CPU
		{69B657F8-72E2-421C-8233-32ACC63CB72E}.Debug|Any CPU.ActiveCfg = Debug|Any CPU
		{69B657F8-72E2-421C-8233-32ACC63CB72E}.Debug|Any CPU.Build.0 = Debug|Any CPU
		{69B657F8-72E2-421C-8233-32ACC63CB72E}.Release|Any CPU.ActiveCfg = Release|Any CPU
		{69B657F8-72E2-421C-8233-32ACC63CB72E}.Release|Any CPU.Build.0 = Release|Any CPU
	EndGlobalSection
	GlobalSection(SolutionProperties) = preSolution
		HideSolutionNode = FALSE
	EndGlobalSection
	GlobalSection(NestedProjects) = preSolution
		{A341D582-8BCB-4DF9-83AA-0CC0A4A76DF8} = {A633E465-2019-4AD7-BE3B-10A1CAE191AB}
		{B6D757AC-A018-4204-AA9A-513F9016BCA3} = {A633E465-2019-4AD7-BE3B-10A1CAE191AB}
		{49F07814-1E83-4EA0-9876-228A601E9053} = {A341D582-8BCB-4DF9-83AA-0CC0A4A76DF8}
		{1FB50BC1-A006-4EDB-BF79-1A2CF24127C7} = {B6D757AC-A018-4204-AA9A-513F9016BCA3}
		{A8B6A209-559E-46B9-97F1-2C87E4D05970} = {81C10743-3326-45E5-9C3E-576D49A7524A}
		{D3A8FECB-C1C0-4ACF-B806-4B62266F46E0} = {81C10743-3326-45E5-9C3E-576D49A7524A}
		{B8E5A344-5A35-40ED-8BDC-B3E898733A10} = {A8B6A209-559E-46B9-97F1-2C87E4D05970}
		{F5450780-AD53-4B78-AE8F-3A22E4207753} = {D3A8FECB-C1C0-4ACF-B806-4B62266F46E0}
		{4AEFC09F-76D1-45D2-940F-71906F17F79A} = {B957C3BB-B871-4160-85CA-3FECC51621D4}
		{0E27503F-EE4B-4878-9ECC-D76C6ED937B9} = {B957C3BB-B871-4160-85CA-3FECC51621D4}
		{9DF8331C-3A8E-470D-80CB-CBDD1762ADB2} = {4AEFC09F-76D1-45D2-940F-71906F17F79A}
		{851786B0-B1BA-49D7-BF11-8B7265031237} = {0E27503F-EE4B-4878-9ECC-D76C6ED937B9}
		{603C9E0A-4402-444F-9323-378DBA00E156} = {D112D282-63C9-4EA5-B880-9358A168DC76}
		{8A33E7EC-7F77-4E7F-A932-87AFFFA3FF8C} = {D112D282-63C9-4EA5-B880-9358A168DC76}
		{B263E213-6502-47F3-B81D-B1AD4F9999C6} = {603C9E0A-4402-444F-9323-378DBA00E156}
		{69B657F8-72E2-421C-8233-32ACC63CB72E} = {8A33E7EC-7F77-4E7F-A932-87AFFFA3FF8C}
	EndGlobalSection
	GlobalSection(ExtensibilityGlobals) = postSolution
		SolutionGuid = {67EDF649-7119-4FD3-A94F-3CC8B0823C6F}
	EndGlobalSection
EndGlobal
