
Microsoft Visual Studio Solution File, Format Version 12.00
# Visual Studio Version 17
VisualStudioVersion = 17.2.32516.85
MinimumVisualStudioVersion = 10.0.40219.1
Project("{2150E333-8FDC-42A3-9474-1A3956D46DE8}") = "Solid_Principles_0_S", "Solid_Principles_0_S", "{A633E465-2019-4AD7-BE3B-10A1CAE191AB}"
EndProject
Project("{2150E333-8FDC-42A3-9474-1A3956D46DE8}") = "Problem", "Problem", "{A341D582-8BCB-4DF9-83AA-0CC0A4A76DF8}"
EndProject
Project("{2150E333-8FDC-42A3-9474-1A3956D46DE8}") = "Soluction", "Soluction", "{B6D757AC-A018-4204-AA9A-513F9016BCA3}"
EndProject
Project("{2150E333-8FDC-42A3-9474-1A3956D46DE8}") = "Solid_Principles_1_O", "Solid_Principles_1_O", "{81C10743-3326-45E5-9C3E-576D49A7524A}"
EndProject
Project("{2150E333-8FDC-42A3-9474-1A3956D46DE8}") = "Problem", "Problem", "{A8B6A209-559E-46B9-97F1-2C87E4D05970}"
EndProject
Project("{2150E333-8FDC-42A3-9474-1A3956D46DE8}") = "Soluction", "Soluction", "{D3A8FECB-C1C0-4ACF-B806-4B62266F46E0}"
EndProject
Project("{2150E333-8FDC-42A3-9474-1A3956D46DE8}") = "Solid_Principles_2_L", "Solid_Principles_2_L", "{B957C3BB-B871-4160-85CA-3FECC51621D4}"
EndProject
Project("{2150E333-8FDC-42A3-9474-1A3956D46DE8}") = "Problem", "Problem", "{4AEFC09F-76D1-45D2-940F-71906F17F79A}"
EndProject
Project("{2150E333-8FDC-42A3-9474-1A3956D46DE8}") = "Soluction", "Soluction", "{0E27503F-EE4B-4878-9ECC-D76C6ED937B9}"
EndProject
Project("{2150E333-8FDC-42A3-9474-1A3956D46DE8}") = "Solid_Principles_3_I", "Solid_Principles_3_I", "{D112D282-63C9-4EA5-B880-9358A168DC76}"
EndProject
Project("{2150E333-8FDC-42A3-9474-1A3956D46DE8}") = "Problem", "Problem", "{603C9E0A-4402-444F-9323-378DBA00E156}"
EndProject
Project("{2150E333-8FDC-42A3-9474-1A3956D46DE8}") = "Soluction", "Soluction", "{8A33E7EC-7F77-4E7F-A932-87AFFFA3FF8C}"
EndProject
Project("{2150E333-8FDC-42A3-9474-1A3956D46DE8}") = "Solid_Principles_4_D", "Solid_Principles_4_D", "{3DAA6393-F47D-429B-A5DB-046E7BBBD069}"
EndProject
Project("{2150E333-8FDC-42A3-9474-1A3956D46DE8}") = "Problem", "Problem", "{171A1000-2BE1-4A07-8A8B-1D5AC1B8E6FF}"
EndProject
Project("{2150E333-8FDC-42A3-9474-1A3956D46DE8}") = "Soluction", "Soluction", "{5B62795D-341C-408A-952E-600EACD81AC6}"
EndProject
Project("{9A19103F-16F7-4668-BE54-9A1E7A4F7556}") = "Problem_S", "src\Single_Responsibility\Problem\Problem_S.csproj", "{A59CADEC-1705-4FA8-97F0-B6F1AA99655D}"
EndProject
Project("{9A19103F-16F7-4668-BE54-9A1E7A4F7556}") = "Soluction_S", "src\Single_Responsibility\Soluction\Soluction_S.csproj", "{856D02FB-918F-4A35-BB31-0EF487D0CACC}"
EndProject
Project("{9A19103F-16F7-4668-BE54-9A1E7A4F7556}") = "Problem_O", "src\Open_for_Extension_Closed_for_Modification\Problem_O\Problem_O.csproj", "{D3B1BBB7-2138-4F9F-890E-70A2EDCAD69F}"
EndProject
Project("{9A19103F-16F7-4668-BE54-9A1E7A4F7556}") = "Suluction_O", "src\Open_for_Extension_Closed_for_Modification\Suluction_O\Suluction_O.csproj", "{9C1515E7-BE00-46DF-8117-B710357D90DF}"
EndProject
Project("{9A19103F-16F7-4668-BE54-9A1E7A4F7556}") = "Problem_L", "src\Liskov_Substitution\Problem_L\Problem_L.csproj", "{CA2136E6-4336-4CB5-A97C-A25369CC3620}"
EndProject
Project("{9A19103F-16F7-4668-BE54-9A1E7A4F7556}") = "Soluction_L", "src\Liskov_Substitution\Soluction_L\Soluction_L.csproj", "{1DFFC51A-9315-42F8-A3D6-0E5AA6FE8B6D}"
EndProject
Project("{9A19103F-16F7-4668-BE54-9A1E7A4F7556}") = "Problem_I", "src\Interface_Segregation\Problem_I\Problem_I.csproj", "{93E7D8C5-7E30-45C0-83B4-24C2239CF1E9}"
EndProject
Project("{9A19103F-16F7-4668-BE54-9A1E7A4F7556}") = "Soluction_I", "src\Interface_Segregation\Soluction_I\Soluction_I.csproj", "{E017490D-F0FC-4EAF-AF44-579D2757F3C1}"
EndProject
Project("{9A19103F-16F7-4668-BE54-9A1E7A4F7556}") = "Problem_D", "src\Dependency_Inversion\Problem_D\Problem_D.csproj", "{4DDFB731-BF42-4A9A-AEC8-B6518B078D7A}"
EndProject
Project("{9A19103F-16F7-4668-BE54-9A1E7A4F7556}") = "Soluction_D", "src\Dependency_Inversion\Soluction_D\Soluction_D.csproj", "{3A2CDE54-DE3F-45C8-9035-987A7CC79E7F}"
EndProject
Global
	GlobalSection(SolutionConfigurationPlatforms) = preSolution
		Debug|Any CPU = Debug|Any CPU
		Release|Any CPU = Release|Any CPU
	EndGlobalSection
	GlobalSection(ProjectConfigurationPlatforms) = postSolution
		{A59CADEC-1705-4FA8-97F0-B6F1AA99655D}.Debug|Any CPU.ActiveCfg = Debug|Any CPU
		{A59CADEC-1705-4FA8-97F0-B6F1AA99655D}.Debug|Any CPU.Build.0 = Debug|Any CPU
		{A59CADEC-1705-4FA8-97F0-B6F1AA99655D}.Release|Any CPU.ActiveCfg = Release|Any CPU
		{A59CADEC-1705-4FA8-97F0-B6F1AA99655D}.Release|Any CPU.Build.0 = Release|Any CPU
		{856D02FB-918F-4A35-BB31-0EF487D0CACC}.Debug|Any CPU.ActiveCfg = Debug|Any CPU
		{856D02FB-918F-4A35-BB31-0EF487D0CACC}.Debug|Any CPU.Build.0 = Debug|Any CPU
		{856D02FB-918F-4A35-BB31-0EF487D0CACC}.Release|Any CPU.ActiveCfg = Release|Any CPU
		{856D02FB-918F-4A35-BB31-0EF487D0CACC}.Release|Any CPU.Build.0 = Release|Any CPU
		{D3B1BBB7-2138-4F9F-890E-70A2EDCAD69F}.Debug|Any CPU.ActiveCfg = Debug|Any CPU
		{D3B1BBB7-2138-4F9F-890E-70A2EDCAD69F}.Debug|Any CPU.Build.0 = Debug|Any CPU
		{D3B1BBB7-2138-4F9F-890E-70A2EDCAD69F}.Release|Any CPU.ActiveCfg = Release|Any CPU
		{D3B1BBB7-2138-4F9F-890E-70A2EDCAD69F}.Release|Any CPU.Build.0 = Release|Any CPU
		{9C1515E7-BE00-46DF-8117-B710357D90DF}.Debug|Any CPU.ActiveCfg = Debug|Any CPU
		{9C1515E7-BE00-46DF-8117-B710357D90DF}.Debug|Any CPU.Build.0 = Debug|Any CPU
		{9C1515E7-BE00-46DF-8117-B710357D90DF}.Release|Any CPU.ActiveCfg = Release|Any CPU
		{9C1515E7-BE00-46DF-8117-B710357D90DF}.Release|Any CPU.Build.0 = Release|Any CPU
		{CA2136E6-4336-4CB5-A97C-A25369CC3620}.Debug|Any CPU.ActiveCfg = Debug|Any CPU
		{CA2136E6-4336-4CB5-A97C-A25369CC3620}.Debug|Any CPU.Build.0 = Debug|Any CPU
		{CA2136E6-4336-4CB5-A97C-A25369CC3620}.Release|Any CPU.ActiveCfg = Release|Any CPU
		{CA2136E6-4336-4CB5-A97C-A25369CC3620}.Release|Any CPU.Build.0 = Release|Any CPU
		{1DFFC51A-9315-42F8-A3D6-0E5AA6FE8B6D}.Debug|Any CPU.ActiveCfg = Debug|Any CPU
		{1DFFC51A-9315-42F8-A3D6-0E5AA6FE8B6D}.Debug|Any CPU.Build.0 = Debug|Any CPU
		{1DFFC51A-9315-42F8-A3D6-0E5AA6FE8B6D}.Release|Any CPU.ActiveCfg = Release|Any CPU
		{1DFFC51A-9315-42F8-A3D6-0E5AA6FE8B6D}.Release|Any CPU.Build.0 = Release|Any CPU
		{93E7D8C5-7E30-45C0-83B4-24C2239CF1E9}.Debug|Any CPU.ActiveCfg = Debug|Any CPU
		{93E7D8C5-7E30-45C0-83B4-24C2239CF1E9}.Debug|Any CPU.Build.0 = Debug|Any CPU
		{93E7D8C5-7E30-45C0-83B4-24C2239CF1E9}.Release|Any CPU.ActiveCfg = Release|Any CPU
		{93E7D8C5-7E30-45C0-83B4-24C2239CF1E9}.Release|Any CPU.Build.0 = Release|Any CPU
		{E017490D-F0FC-4EAF-AF44-579D2757F3C1}.Debug|Any CPU.ActiveCfg = Debug|Any CPU
		{E017490D-F0FC-4EAF-AF44-579D2757F3C1}.Debug|Any CPU.Build.0 = Debug|Any CPU
		{E017490D-F0FC-4EAF-AF44-579D2757F3C1}.Release|Any CPU.ActiveCfg = Release|Any CPU
		{E017490D-F0FC-4EAF-AF44-579D2757F3C1}.Release|Any CPU.Build.0 = Release|Any CPU
		{4DDFB731-BF42-4A9A-AEC8-B6518B078D7A}.Debug|Any CPU.ActiveCfg = Debug|Any CPU
		{4DDFB731-BF42-4A9A-AEC8-B6518B078D7A}.Debug|Any CPU.Build.0 = Debug|Any CPU
		{4DDFB731-BF42-4A9A-AEC8-B6518B078D7A}.Release|Any CPU.ActiveCfg = Release|Any CPU
		{4DDFB731-BF42-4A9A-AEC8-B6518B078D7A}.Release|Any CPU.Build.0 = Release|Any CPU
		{3A2CDE54-DE3F-45C8-9035-987A7CC79E7F}.Debug|Any CPU.ActiveCfg = Debug|Any CPU
		{3A2CDE54-DE3F-45C8-9035-987A7CC79E7F}.Debug|Any CPU.Build.0 = Debug|Any CPU
		{3A2CDE54-DE3F-45C8-9035-987A7CC79E7F}.Release|Any CPU.ActiveCfg = Release|Any CPU
		{3A2CDE54-DE3F-45C8-9035-987A7CC79E7F}.Release|Any CPU.Build.0 = Release|Any CPU
	EndGlobalSection
	GlobalSection(SolutionProperties) = preSolution
		HideSolutionNode = FALSE
	EndGlobalSection
	GlobalSection(NestedProjects) = preSolution
		{A341D582-8BCB-4DF9-83AA-0CC0A4A76DF8} = {A633E465-2019-4AD7-BE3B-10A1CAE191AB}
		{B6D757AC-A018-4204-AA9A-513F9016BCA3} = {A633E465-2019-4AD7-BE3B-10A1CAE191AB}
		{A8B6A209-559E-46B9-97F1-2C87E4D05970} = {81C10743-3326-45E5-9C3E-576D49A7524A}
		{D3A8FECB-C1C0-4ACF-B806-4B62266F46E0} = {81C10743-3326-45E5-9C3E-576D49A7524A}
		{4AEFC09F-76D1-45D2-940F-71906F17F79A} = {B957C3BB-B871-4160-85CA-3FECC51621D4}
		{0E27503F-EE4B-4878-9ECC-D76C6ED937B9} = {B957C3BB-B871-4160-85CA-3FECC51621D4}
		{603C9E0A-4402-444F-9323-378DBA00E156} = {D112D282-63C9-4EA5-B880-9358A168DC76}
		{8A33E7EC-7F77-4E7F-A932-87AFFFA3FF8C} = {D112D282-63C9-4EA5-B880-9358A168DC76}
		{171A1000-2BE1-4A07-8A8B-1D5AC1B8E6FF} = {3DAA6393-F47D-429B-A5DB-046E7BBBD069}
		{5B62795D-341C-408A-952E-600EACD81AC6} = {3DAA6393-F47D-429B-A5DB-046E7BBBD069}
		{A59CADEC-1705-4FA8-97F0-B6F1AA99655D} = {A341D582-8BCB-4DF9-83AA-0CC0A4A76DF8}
		{856D02FB-918F-4A35-BB31-0EF487D0CACC} = {B6D757AC-A018-4204-AA9A-513F9016BCA3}
		{D3B1BBB7-2138-4F9F-890E-70A2EDCAD69F} = {A8B6A209-559E-46B9-97F1-2C87E4D05970}
		{9C1515E7-BE00-46DF-8117-B710357D90DF} = {D3A8FECB-C1C0-4ACF-B806-4B62266F46E0}
		{CA2136E6-4336-4CB5-A97C-A25369CC3620} = {4AEFC09F-76D1-45D2-940F-71906F17F79A}
		{1DFFC51A-9315-42F8-A3D6-0E5AA6FE8B6D} = {0E27503F-EE4B-4878-9ECC-D76C6ED937B9}
		{93E7D8C5-7E30-45C0-83B4-24C2239CF1E9} = {603C9E0A-4402-444F-9323-378DBA00E156}
		{E017490D-F0FC-4EAF-AF44-579D2757F3C1} = {8A33E7EC-7F77-4E7F-A932-87AFFFA3FF8C}
		{4DDFB731-BF42-4A9A-AEC8-B6518B078D7A} = {171A1000-2BE1-4A07-8A8B-1D5AC1B8E6FF}
		{3A2CDE54-DE3F-45C8-9035-987A7CC79E7F} = {5B62795D-341C-408A-952E-600EACD81AC6}
	EndGlobalSection
	GlobalSection(ExtensibilityGlobals) = postSolution
		SolutionGuid = {67EDF649-7119-4FD3-A94F-3CC8B0823C6F}
	EndGlobalSection
EndGlobal
